
Microsoft Visual Studio Solution File, Format Version 12.00
# Visual Studio Version 17
VisualStudioVersion = 17.0.31903.59
MinimumVisualStudioVersion = 10.0.40219.1
Project("{2150E333-8FDC-42A3-9474-1A3956D46DE8}") = "src", "src", "{827E0CD3-B72D-47B6-A68D-7590B98EB39B}"
EndProject
Project("{FAE04EC0-301F-11D3-BF4B-00C04F79EFBC}") = "ContextCore.Abstractions", "src\ContextCore.Abstractions\ContextCore.Abstractions.csproj", "{00491AE7-EE7F-4F7C-A660-F60637B07D33}"
EndProject
Project("{FAE04EC0-301F-11D3-BF4B-00C04F79EFBC}") = "ContextCore.Core", "src\ContextCore.Core\ContextCore.Core.csproj", "{C65BD2FA-4BE5-4DC9-96D2-D2A74A0EB329}"
EndProject
Project("{FAE04EC0-301F-11D3-BF4B-00C04F79EFBC}") = "ContextCore.Storage.FileSystem", "src\ContextCore.Storage.FileSystem\ContextCore.Storage.FileSystem.csproj", "{6628DADA-9486-401D-9E38-12F430BB51EC}"
EndProject
Project("{FAE04EC0-301F-11D3-BF4B-00C04F79EFBC}") = "ContextCore.Storage.InMemory", "src\ContextCore.Storage.InMemory\ContextCore.Storage.InMemory.csproj", "{50D267F4-AF9F-4F4B-9E6D-172EFF1E90B5}"
EndProject
Project("{FAE04EC0-301F-11D3-BF4B-00C04F79EFBC}") = "ContextCore.ModelGateway", "src\ContextCore.ModelGateway\ContextCore.ModelGateway.csproj", "{C6643E90-55A3-4E13-85E9-0201CD62CEE1}"
EndProject
Project("{2150E333-8FDC-42A3-9474-1A3956D46DE8}") = "tests", "tests", "{0AB3BF05-4346-4AA6-1389-037BE0695223}"
EndProject
Project("{FAE04EC0-301F-11D3-BF4B-00C04F79EFBC}") = "ContextCore.Tests", "tests\ContextCore.Tests\ContextCore.Tests.csproj", "{DC6ECF4D-D5A5-425A-9BAE-3B1AC7154270}"
EndProject
Project("{FAE04EC0-301F-11D3-BF4B-00C04F79EFBC}") = "ContextCore.ControlRoom", "src\ContextCore.ControlRoom\ContextCore.ControlRoom.csproj", "{1E75FDC4-6B3C-4FC9-A401-CF9F5562DACE}"
EndProject
Project("{FAE04EC0-301F-11D3-BF4B-00C04F79EFBC}") = "ContextCore.Service", "src\ContextCore.Service\ContextCore.Service.csproj", "{B5929BC6-2156-4CEC-91F2-E3A00C8783B9}"
EndProject
Project("{FAE04EC0-301F-11D3-BF4B-00C04F79EFBC}") = "ContextCore.Client", "src\ContextCore.Client\ContextCore.Client.csproj", "{BB99CA66-EC24-4139-A7EB-D0B0066925E9}"
EndProject
Project("{FAE04EC0-301F-11D3-BF4B-00C04F79EFBC}") = "ContextCore.Embedding", "src\ContextCore.Embedding\ContextCore.Embedding.csproj", "{7DC14923-2D63-4606-B0DF-60DABB84ACB6}"
EndProject
Project("{FAE04EC0-301F-11D3-BF4B-00C04F79EFBC}") = "ContextCore.IntegrationTests", "tests\ContextCore.IntegrationTests\ContextCore.IntegrationTests.csproj", "{9241528F-BA5A-4969-9A20-B538F8A3044D}"
EndProject
Project("{FAE04EC0-301F-11D3-BF4B-00C04F79EFBC}") = "ContextCore.Service.Tests", "tests\ContextCore.Service.Tests\ContextCore.Service.Tests.csproj", "{0C76E72E-AD18-4561-A3D2-34CA74C25D32}"
EndProject
Project("{FAE04EC0-301F-11D3-BF4B-00C04F79EFBC}") = "ContextCore.Storage.Postgres", "src\ContextCore.Storage.Postgres\ContextCore.Storage.Postgres.csproj", "{BED07414-93CB-4F19-99B5-40F99A650C0A}"
EndProject
Project("{FAE04EC0-301F-11D3-BF4B-00C04F79EFBC}") = "ContextCore.Evaluation", "src\ContextCore.Evaluation\ContextCore.Evaluation.csproj", "{F646D1EC-118A-4059-A521-529439CFD6C3}"
EndProject
Project("{FAE04EC0-301F-11D3-BF4B-00C04F79EFBC}") = "ContextCore.Storage.Shared", "src\ContextCore.Storage.Shared\ContextCore.Storage.Shared.csproj", "{D4F5E6A7-B8C9-4D0E-9F1A-2B3C4D5E6F70}"
EndProject
Project("{FAE04EC0-301F-11D3-BF4B-00C04F79EFBC}") = "ContextCore.Runtime", "src\ContextCore.Runtime\ContextCore.Runtime.csproj", "{57BD4ED7-58D7-44C3-B6F7-18EA0540AC66}"
EndProject
Project("{2150E333-8FDC-42A3-9474-1A3956D46DE8}") = "benchmarks", "benchmarks", "{66320409-64EC-F7C5-3DEF-65E7510DAAD1}"
EndProject
Project("{FAE04EC0-301F-11D3-BF4B-00C04F79EFBC}") = "ContextCore.Benchmarks", "benchmarks\ContextCore.Benchmarks\ContextCore.Benchmarks.csproj", "{1C0DC2BE-3AEA-4BED-9044-23D55D1D1503}"
EndProject
Project("{FAE04EC0-301F-11D3-BF4B-00C04F79EFBC}") = "ContextCore.Generators", "src\ContextCore.Generators\ContextCore.Generators.csproj", "{299725CC-2FFF-42B6-9B9D-A0FC19E2B74E}"
EndProject
Project("{FAE04EC0-301F-11D3-BF4B-00C04F79EFBC}") = "ContextCore.Inference.Onnx", "src\ContextCore.Inference.Onnx\ContextCore.Inference.Onnx.csproj", "{669A69B7-DCCB-48B7-9470-BCE176A8494C}"
EndProject
Project("{FAE04EC0-301F-11D3-BF4B-00C04F79EFBC}") = "ContextCore.ProcessKillHarness", "tests\ContextCore.ProcessKillHarness\ContextCore.ProcessKillHarness.csproj", "{FCAA68F8-3E1D-451E-BE73-79754E91B3FF}"
EndProject
Global
	GlobalSection(SolutionConfigurationPlatforms) = preSolution
		Debug|Any CPU = Debug|Any CPU
		Debug|x64 = Debug|x64
		Debug|x86 = Debug|x86
		Release|Any CPU = Release|Any CPU
		Release|x64 = Release|x64
		Release|x86 = Release|x86
	EndGlobalSection
	GlobalSection(ProjectConfigurationPlatforms) = postSolution
		{00491AE7-EE7F-4F7C-A660-F60637B07D33}.Debug|Any CPU.ActiveCfg = Debug|Any CPU
		{00491AE7-EE7F-4F7C-A660-F60637B07D33}.Debug|Any CPU.Build.0 = Debug|Any CPU
		{00491AE7-EE7F-4F7C-A660-F60637B07D33}.Debug|x64.ActiveCfg = Debug|Any CPU
		{00491AE7-EE7F-4F7C-A660-F60637B07D33}.Debug|x64.Build.0 = Debug|Any CPU
		{00491AE7-EE7F-4F7C-A660-F60637B07D33}.Debug|x86.ActiveCfg = Debug|Any CPU
		{00491AE7-EE7F-4F7C-A660-F60637B07D33}.Debug|x86.Build.0 = Debug|Any CPU
		{00491AE7-EE7F-4F7C-A660-F60637B07D33}.Release|Any CPU.ActiveCfg = Release|Any CPU
		{00491AE7-EE7F-4F7C-A660-F60637B07D33}.Release|Any CPU.Build.0 = Release|Any CPU
		{00491AE7-EE7F-4F7C-A660-F60637B07D33}.Release|x64.ActiveCfg = Release|Any CPU
		{00491AE7-EE7F-4F7C-A660-F60637B07D33}.Release|x64.Build.0 = Release|Any CPU
		{00491AE7-EE7F-4F7C-A660-F60637B07D33}.Release|x86.ActiveCfg = Release|Any CPU
		{00491AE7-EE7F-4F7C-A660-F60637B07D33}.Release|x86.Build.0 = Release|Any CPU
		{C65BD2FA-4BE5-4DC9-96D2-D2A74A0EB329}.Debug|Any CPU.ActiveCfg = Debug|Any CPU
		{C65BD2FA-4BE5-4DC9-96D2-D2A74A0EB329}.Debug|Any CPU.Build.0 = Debug|Any CPU
		{C65BD2FA-4BE5-4DC9-96D2-D2A74A0EB329}.Debug|x64.ActiveCfg = Debug|Any CPU
		{C65BD2FA-4BE5-4DC9-96D2-D2A74A0EB329}.Debug|x64.Build.0 = Debug|Any CPU
		{C65BD2FA-4BE5-4DC9-96D2-D2A74A0EB329}.Debug|x86.ActiveCfg = Debug|Any CPU
		{C65BD2FA-4BE5-4DC9-96D2-D2A74A0EB329}.Debug|x86.Build.0 = Debug|Any CPU
		{C65BD2FA-4BE5-4DC9-96D2-D2A74A0EB329}.Release|Any CPU.ActiveCfg = Release|Any CPU
		{C65BD2FA-4BE5-4DC9-96D2-D2A74A0EB329}.Release|Any CPU.Build.0 = Release|Any CPU
		{C65BD2FA-4BE5-4DC9-96D2-D2A74A0EB329}.Release|x64.ActiveCfg = Release|Any CPU
		{C65BD2FA-4BE5-4DC9-96D2-D2A74A0EB329}.Release|x64.Build.0 = Release|Any CPU
		{C65BD2FA-4BE5-4DC9-96D2-D2A74A0EB329}.Release|x86.ActiveCfg = Release|Any CPU
		{C65BD2FA-4BE5-4DC9-96D2-D2A74A0EB329}.Release|x86.Build.0 = Release|Any CPU
		{6628DADA-9486-401D-9E38-12F430BB51EC}.Debug|Any CPU.ActiveCfg = Debug|Any CPU
		{6628DADA-9486-401D-9E38-12F430BB51EC}.Debug|Any CPU.Build.0 = Debug|Any CPU
		{6628DADA-9486-401D-9E38-12F430BB51EC}.Debug|x64.ActiveCfg = Debug|Any CPU
		{6628DADA-9486-401D-9E38-12F430BB51EC}.Debug|x64.Build.0 = Debug|Any CPU
		{6628DADA-9486-401D-9E38-12F430BB51EC}.Debug|x86.ActiveCfg = Debug|Any CPU
		{6628DADA-9486-401D-9E38-12F430BB51EC}.Debug|x86.Build.0 = Debug|Any CPU
		{6628DADA-9486-401D-9E38-12F430BB51EC}.Release|Any CPU.ActiveCfg = Release|Any CPU
		{6628DADA-9486-401D-9E38-12F430BB51EC}.Release|Any CPU.Build.0 = Release|Any CPU
		{6628DADA-9486-401D-9E38-12F430BB51EC}.Release|x64.ActiveCfg = Release|Any CPU
		{6628DADA-9486-401D-9E38-12F430BB51EC}.Release|x64.Build.0 = Release|Any CPU
		{6628DADA-9486-401D-9E38-12F430BB51EC}.Release|x86.ActiveCfg = Release|Any CPU
		{6628DADA-9486-401D-9E38-12F430BB51EC}.Release|x86.Build.0 = Release|Any CPU
		{50D267F4-AF9F-4F4B-9E6D-172EFF1E90B5}.Debug|Any CPU.ActiveCfg = Debug|Any CPU
		{50D267F4-AF9F-4F4B-9E6D-172EFF1E90B5}.Debug|Any CPU.Build.0 = Debug|Any CPU
		{50D267F4-AF9F-4F4B-9E6D-172EFF1E90B5}.Debug|x64.ActiveCfg = Debug|Any CPU
		{50D267F4-AF9F-4F4B-9E6D-172EFF1E90B5}.Debug|x64.Build.0 = Debug|Any CPU
		{50D267F4-AF9F-4F4B-9E6D-172EFF1E90B5}.Debug|x86.ActiveCfg = Debug|Any CPU
		{50D267F4-AF9F-4F4B-9E6D-172EFF1E90B5}.Debug|x86.Build.0 = Debug|Any CPU
		{50D267F4-AF9F-4F4B-9E6D-172EFF1E90B5}.Release|Any CPU.ActiveCfg = Release|Any CPU
		{50D267F4-AF9F-4F4B-9E6D-172EFF1E90B5}.Release|Any CPU.Build.0 = Release|Any CPU
		{50D267F4-AF9F-4F4B-9E6D-172EFF1E90B5}.Release|x64.ActiveCfg = Release|Any CPU
		{50D267F4-AF9F-4F4B-9E6D-172EFF1E90B5}.Release|x64.Build.0 = Release|Any CPU
		{50D267F4-AF9F-4F4B-9E6D-172EFF1E90B5}.Release|x86.ActiveCfg = Release|Any CPU
		{50D267F4-AF9F-4F4B-9E6D-172EFF1E90B5}.Release|x86.Build.0 = Release|Any CPU
		{C6643E90-55A3-4E13-85E9-0201CD62CEE1}.Debug|Any CPU.ActiveCfg = Debug|Any CPU
		{C6643E90-55A3-4E13-85E9-0201CD62CEE1}.Debug|Any CPU.Build.0 = Debug|Any CPU
		{C6643E90-55A3-4E13-85E9-0201CD62CEE1}.Debug|x64.ActiveCfg = Debug|Any CPU
		{C6643E90-55A3-4E13-85E9-0201CD62CEE1}.Debug|x64.Build.0 = Debug|Any CPU
		{C6643E90-55A3-4E13-85E9-0201CD62CEE1}.Debug|x86.ActiveCfg = Debug|Any CPU
		{C6643E90-55A3-4E13-85E9-0201CD62CEE1}.Debug|x86.Build.0 = Debug|Any CPU
		{C6643E90-55A3-4E13-85E9-0201CD62CEE1}.Release|Any CPU.ActiveCfg = Release|Any CPU
		{C6643E90-55A3-4E13-85E9-0201CD62CEE1}.Release|Any CPU.Build.0 = Release|Any CPU
		{C6643E90-55A3-4E13-85E9-0201CD62CEE1}.Release|x64.ActiveCfg = Release|Any CPU
		{C6643E90-55A3-4E13-85E9-0201CD62CEE1}.Release|x64.Build.0 = Release|Any CPU
		{C6643E90-55A3-4E13-85E9-0201CD62CEE1}.Release|x86.ActiveCfg = Release|Any CPU
		{C6643E90-55A3-4E13-85E9-0201CD62CEE1}.Release|x86.Build.0 = Release|Any CPU
		{DC6ECF4D-D5A5-425A-9BAE-3B1AC7154270}.Debug|Any CPU.ActiveCfg = Debug|Any CPU
		{DC6ECF4D-D5A5-425A-9BAE-3B1AC7154270}.Debug|Any CPU.Build.0 = Debug|Any CPU
		{DC6ECF4D-D5A5-425A-9BAE-3B1AC7154270}.Debug|x64.ActiveCfg = Debug|Any CPU
		{DC6ECF4D-D5A5-425A-9BAE-3B1AC7154270}.Debug|x64.Build.0 = Debug|Any CPU
		{DC6ECF4D-D5A5-425A-9BAE-3B1AC7154270}.Debug|x86.ActiveCfg = Debug|Any CPU
		{DC6ECF4D-D5A5-425A-9BAE-3B1AC7154270}.Debug|x86.Build.0 = Debug|Any CPU
		{DC6ECF4D-D5A5-425A-9BAE-3B1AC7154270}.Release|Any CPU.ActiveCfg = Release|Any CPU
		{DC6ECF4D-D5A5-425A-9BAE-3B1AC7154270}.Release|Any CPU.Build.0 = Release|Any CPU
		{DC6ECF4D-D5A5-425A-9BAE-3B1AC7154270}.Release|x64.ActiveCfg = Release|Any CPU
		{DC6ECF4D-D5A5-425A-9BAE-3B1AC7154270}.Release|x64.Build.0 = Release|Any CPU
		{DC6ECF4D-D5A5-425A-9BAE-3B1AC7154270}.Release|x86.ActiveCfg = Release|Any CPU
		{DC6ECF4D-D5A5-425A-9BAE-3B1AC7154270}.Release|x86.Build.0 = Release|Any CPU
		{1E75FDC4-6B3C-4FC9-A401-CF9F5562DACE}.Debug|Any CPU.ActiveCfg = Debug|Any CPU
		{1E75FDC4-6B3C-4FC9-A401-CF9F5562DACE}.Debug|Any CPU.Build.0 = Debug|Any CPU
		{1E75FDC4-6B3C-4FC9-A401-CF9F5562DACE}.Debug|x64.ActiveCfg = Debug|Any CPU
		{1E75FDC4-6B3C-4FC9-A401-CF9F5562DACE}.Debug|x64.Build.0 = Debug|Any CPU
		{1E75FDC4-6B3C-4FC9-A401-CF9F5562DACE}.Debug|x86.ActiveCfg = Debug|Any CPU
		{1E75FDC4-6B3C-4FC9-A401-CF9F5562DACE}.Debug|x86.Build.0 = Debug|Any CPU
		{1E75FDC4-6B3C-4FC9-A401-CF9F5562DACE}.Release|Any CPU.ActiveCfg = Release|Any CPU
		{1E75FDC4-6B3C-4FC9-A401-CF9F5562DACE}.Release|Any CPU.Build.0 = Release|Any CPU
		{1E75FDC4-6B3C-4FC9-A401-CF9F5562DACE}.Release|x64.ActiveCfg = Release|Any CPU
		{1E75FDC4-6B3C-4FC9-A401-CF9F5562DACE}.Release|x64.Build.0 = Release|Any CPU
		{1E75FDC4-6B3C-4FC9-A401-CF9F5562DACE}.Release|x86.ActiveCfg = Release|Any CPU
		{1E75FDC4-6B3C-4FC9-A401-CF9F5562DACE}.Release|x86.Build.0 = Release|Any CPU
		{B5929BC6-2156-4CEC-91F2-E3A00C8783B9}.Debug|Any CPU.ActiveCfg = Debug|Any CPU
		{B5929BC6-2156-4CEC-91F2-E3A00C8783B9}.Debug|Any CPU.Build.0 = Debug|Any CPU
		{B5929BC6-2156-4CEC-91F2-E3A00C8783B9}.Debug|x64.ActiveCfg = Debug|Any CPU
		{B5929BC6-2156-4CEC-91F2-E3A00C8783B9}.Debug|x64.Build.0 = Debug|Any CPU
		{B5929BC6-2156-4CEC-91F2-E3A00C8783B9}.Debug|x86.ActiveCfg = Debug|Any CPU
		{B5929BC6-2156-4CEC-91F2-E3A00C8783B9}.Debug|x86.Build.0 = Debug|Any CPU
		{B5929BC6-2156-4CEC-91F2-E3A00C8783B9}.Release|Any CPU.ActiveCfg = Release|Any CPU
		{B5929BC6-2156-4CEC-91F2-E3A00C8783B9}.Release|Any CPU.Build.0 = Release|Any CPU
		{B5929BC6-2156-4CEC-91F2-E3A00C8783B9}.Release|x64.ActiveCfg = Release|Any CPU
		{B5929BC6-2156-4CEC-91F2-E3A00C8783B9}.Release|x64.Build.0 = Release|Any CPU
		{B5929BC6-2156-4CEC-91F2-E3A00C8783B9}.Release|x86.ActiveCfg = Release|Any CPU
		{B5929BC6-2156-4CEC-91F2-E3A00C8783B9}.Release|x86.Build.0 = Release|Any CPU
		{BB99CA66-EC24-4139-A7EB-D0B0066925E9}.Debug|Any CPU.ActiveCfg = Debug|Any CPU
		{BB99CA66-EC24-4139-A7EB-D0B0066925E9}.Debug|Any CPU.Build.0 = Debug|Any CPU
		{BB99CA66-EC24-4139-A7EB-D0B0066925E9}.Debug|x64.ActiveCfg = Debug|Any CPU
		{BB99CA66-EC24-4139-A7EB-D0B0066925E9}.Debug|x64.Build.0 = Debug|Any CPU
		{BB99CA66-EC24-4139-A7EB-D0B0066925E9}.Debug|x86.ActiveCfg = Debug|Any CPU
		{BB99CA66-EC24-4139-A7EB-D0B0066925E9}.Debug|x86.Build.0 = Debug|Any CPU
		{BB99CA66-EC24-4139-A7EB-D0B0066925E9}.Release|Any CPU.ActiveCfg = Release|Any CPU
		{BB99CA66-EC24-4139-A7EB-D0B0066925E9}.Release|Any CPU.Build.0 = Release|Any CPU
		{BB99CA66-EC24-4139-A7EB-D0B0066925E9}.Release|x64.ActiveCfg = Release|Any CPU
		{BB99CA66-EC24-4139-A7EB-D0B0066925E9}.Release|x64.Build.0 = Release|Any CPU
		{BB99CA66-EC24-4139-A7EB-D0B0066925E9}.Release|x86.ActiveCfg = Release|Any CPU
		{BB99CA66-EC24-4139-A7EB-D0B0066925E9}.Release|x86.Build.0 = Release|Any CPU
		{7DC14923-2D63-4606-B0DF-60DABB84ACB6}.Debug|Any CPU.ActiveCfg = Debug|Any CPU
		{7DC14923-2D63-4606-B0DF-60DABB84ACB6}.Debug|Any CPU.Build.0 = Debug|Any CPU
		{7DC14923-2D63-4606-B0DF-60DABB84ACB6}.Debug|x64.ActiveCfg = Debug|Any CPU
		{7DC14923-2D63-4606-B0DF-60DABB84ACB6}.Debug|x64.Build.0 = Debug|Any CPU
		{7DC14923-2D63-4606-B0DF-60DABB84ACB6}.Debug|x86.ActiveCfg = Debug|Any CPU
		{7DC14923-2D63-4606-B0DF-60DABB84ACB6}.Debug|x86.Build.0 = Debug|Any CPU
		{7DC14923-2D63-4606-B0DF-60DABB84ACB6}.Release|Any CPU.ActiveCfg = Release|Any CPU
		{7DC14923-2D63-4606-B0DF-60DABB84ACB6}.Release|Any CPU.Build.0 = Release|Any CPU
		{7DC14923-2D63-4606-B0DF-60DABB84ACB6}.Release|x64.ActiveCfg = Release|Any CPU
		{7DC14923-2D63-4606-B0DF-60DABB84ACB6}.Release|x64.Build.0 = Release|Any CPU
		{7DC14923-2D63-4606-B0DF-60DABB84ACB6}.Release|x86.ActiveCfg = Release|Any CPU
		{7DC14923-2D63-4606-B0DF-60DABB84ACB6}.Release|x86.Build.0 = Release|Any CPU
		{9241528F-BA5A-4969-9A20-B538F8A3044D}.Debug|Any CPU.ActiveCfg = Debug|Any CPU
		{9241528F-BA5A-4969-9A20-B538F8A3044D}.Debug|Any CPU.Build.0 = Debug|Any CPU
		{9241528F-BA5A-4969-9A20-B538F8A3044D}.Debug|x64.ActiveCfg = Debug|Any CPU
		{9241528F-BA5A-4969-9A20-B538F8A3044D}.Debug|x64.Build.0 = Debug|Any CPU
		{9241528F-BA5A-4969-9A20-B538F8A3044D}.Debug|x86.ActiveCfg = Debug|Any CPU
		{9241528F-BA5A-4969-9A20-B538F8A3044D}.Debug|x86.Build.0 = Debug|Any CPU
		{9241528F-BA5A-4969-9A20-B538F8A3044D}.Release|Any CPU.ActiveCfg = Release|Any CPU
		{9241528F-BA5A-4969-9A20-B538F8A3044D}.Release|Any CPU.Build.0 = Release|Any CPU
		{9241528F-BA5A-4969-9A20-B538F8A3044D}.Release|x64.ActiveCfg = Release|Any CPU
		{9241528F-BA5A-4969-9A20-B538F8A3044D}.Release|x64.Build.0 = Release|Any CPU
		{9241528F-BA5A-4969-9A20-B538F8A3044D}.Release|x86.ActiveCfg = Release|Any CPU
		{9241528F-BA5A-4969-9A20-B538F8A3044D}.Release|x86.Build.0 = Release|Any CPU
		{0C76E72E-AD18-4561-A3D2-34CA74C25D32}.Debug|Any CPU.ActiveCfg = Debug|Any CPU
		{0C76E72E-AD18-4561-A3D2-34CA74C25D32}.Debug|Any CPU.Build.0 = Debug|Any CPU
		{0C76E72E-AD18-4561-A3D2-34CA74C25D32}.Debug|x64.ActiveCfg = Debug|Any CPU
		{0C76E72E-AD18-4561-A3D2-34CA74C25D32}.Debug|x64.Build.0 = Debug|Any CPU
		{0C76E72E-AD18-4561-A3D2-34CA74C25D32}.Debug|x86.ActiveCfg = Debug|Any CPU
		{0C76E72E-AD18-4561-A3D2-34CA74C25D32}.Debug|x86.Build.0 = Debug|Any CPU
		{0C76E72E-AD18-4561-A3D2-34CA74C25D32}.Release|Any CPU.ActiveCfg = Release|Any CPU
		{0C76E72E-AD18-4561-A3D2-34CA74C25D32}.Release|Any CPU.Build.0 = Release|Any CPU
		{0C76E72E-AD18-4561-A3D2-34CA74C25D32}.Release|x64.ActiveCfg = Release|Any CPU
		{0C76E72E-AD18-4561-A3D2-34CA74C25D32}.Release|x64.Build.0 = Release|Any CPU
		{0C76E72E-AD18-4561-A3D2-34CA74C25D32}.Release|x86.ActiveCfg = Release|Any CPU
		{0C76E72E-AD18-4561-A3D2-34CA74C25D32}.Release|x86.Build.0 = Release|Any CPU
		{BED07414-93CB-4F19-99B5-40F99A650C0A}.Debug|Any CPU.ActiveCfg = Debug|Any CPU
		{BED07414-93CB-4F19-99B5-40F99A650C0A}.Debug|Any CPU.Build.0 = Debug|Any CPU
		{BED07414-93CB-4F19-99B5-40F99A650C0A}.Debug|x64.ActiveCfg = Debug|Any CPU
		{BED07414-93CB-4F19-99B5-40F99A650C0A}.Debug|x64.Build.0 = Debug|Any CPU
		{BED07414-93CB-4F19-99B5-40F99A650C0A}.Debug|x86.ActiveCfg = Debug|Any CPU
		{BED07414-93CB-4F19-99B5-40F99A650C0A}.Debug|x86.Build.0 = Debug|Any CPU
		{BED07414-93CB-4F19-99B5-40F99A650C0A}.Release|Any CPU.ActiveCfg = Release|Any CPU
		{BED07414-93CB-4F19-99B5-40F99A650C0A}.Release|Any CPU.Build.0 = Release|Any CPU
		{BED07414-93CB-4F19-99B5-40F99A650C0A}.Release|x64.ActiveCfg = Release|Any CPU
		{BED07414-93CB-4F19-99B5-40F99A650C0A}.Release|x64.Build.0 = Release|Any CPU
		{BED07414-93CB-4F19-99B5-40F99A650C0A}.Release|x86.ActiveCfg = Release|Any CPU
		{BED07414-93CB-4F19-99B5-40F99A650C0A}.Release|x86.Build.0 = Release|Any CPU
		{F646D1EC-118A-4059-A521-529439CFD6C3}.Debug|Any CPU.ActiveCfg = Debug|Any CPU
		{F646D1EC-118A-4059-A521-529439CFD6C3}.Debug|Any CPU.Build.0 = Debug|Any CPU
		{F646D1EC-118A-4059-A521-529439CFD6C3}.Debug|x64.ActiveCfg = Debug|Any CPU
		{F646D1EC-118A-4059-A521-529439CFD6C3}.Debug|x64.Build.0 = Debug|Any CPU
		{F646D1EC-118A-4059-A521-529439CFD6C3}.Debug|x86.ActiveCfg = Debug|Any CPU
		{F646D1EC-118A-4059-A521-529439CFD6C3}.Debug|x86.Build.0 = Debug|Any CPU
		{F646D1EC-118A-4059-A521-529439CFD6C3}.Release|Any CPU.ActiveCfg = Release|Any CPU
		{F646D1EC-118A-4059-A521-529439CFD6C3}.Release|Any CPU.Build.0 = Release|Any CPU
		{F646D1EC-118A-4059-A521-529439CFD6C3}.Release|x64.ActiveCfg = Release|Any CPU
		{F646D1EC-118A-4059-A521-529439CFD6C3}.Release|x64.Build.0 = Release|Any CPU
		{F646D1EC-118A-4059-A521-529439CFD6C3}.Release|x86.ActiveCfg = Release|Any CPU
		{F646D1EC-118A-4059-A521-529439CFD6C3}.Release|x86.Build.0 = Release|Any CPU
		{D4F5E6A7-B8C9-4D0E-9F1A-2B3C4D5E6F70}.Debug|Any CPU.ActiveCfg = Debug|Any CPU
		{D4F5E6A7-B8C9-4D0E-9F1A-2B3C4D5E6F70}.Debug|Any CPU.Build.0 = Debug|Any CPU
		{D4F5E6A7-B8C9-4D0E-9F1A-2B3C4D5E6F70}.Debug|x64.ActiveCfg = Debug|Any CPU
		{D4F5E6A7-B8C9-4D0E-9F1A-2B3C4D5E6F70}.Debug|x64.Build.0 = Debug|Any CPU
		{D4F5E6A7-B8C9-4D0E-9F1A-2B3C4D5E6F70}.Debug|x86.ActiveCfg = Debug|Any CPU
		{D4F5E6A7-B8C9-4D0E-9F1A-2B3C4D5E6F70}.Debug|x86.Build.0 = Debug|Any CPU
		{D4F5E6A7-B8C9-4D0E-9F1A-2B3C4D5E6F70}.Release|Any CPU.ActiveCfg = Release|Any CPU
		{D4F5E6A7-B8C9-4D0E-9F1A-2B3C4D5E6F70}.Release|Any CPU.Build.0 = Release|Any CPU
		{D4F5E6A7-B8C9-4D0E-9F1A-2B3C4D5E6F70}.Release|x64.ActiveCfg = Release|Any CPU
		{D4F5E6A7-B8C9-4D0E-9F1A-2B3C4D5E6F70}.Release|x64.Build.0 = Release|Any CPU
		{D4F5E6A7-B8C9-4D0E-9F1A-2B3C4D5E6F70}.Release|x86.ActiveCfg = Release|Any CPU
		{D4F5E6A7-B8C9-4D0E-9F1A-2B3C4D5E6F70}.Release|x86.Build.0 = Release|Any CPU
		{57BD4ED7-58D7-44C3-B6F7-18EA0540AC66}.Debug|Any CPU.ActiveCfg = Debug|Any CPU
		{57BD4ED7-58D7-44C3-B6F7-18EA0540AC66}.Debug|Any CPU.Build.0 = Debug|Any CPU
		{57BD4ED7-58D7-44C3-B6F7-18EA0540AC66}.Debug|x64.ActiveCfg = Debug|Any CPU
		{57BD4ED7-58D7-44C3-B6F7-18EA0540AC66}.Debug|x64.Build.0 = Debug|Any CPU
		{57BD4ED7-58D7-44C3-B6F7-18EA0540AC66}.Debug|x86.ActiveCfg = Debug|Any CPU
		{57BD4ED7-58D7-44C3-B6F7-18EA0540AC66}.Debug|x86.Build.0 = Debug|Any CPU
		{57BD4ED7-58D7-44C3-B6F7-18EA0540AC66}.Release|Any CPU.ActiveCfg = Release|Any CPU
		{57BD4ED7-58D7-44C3-B6F7-18EA0540AC66}.Release|Any CPU.Build.0 = Release|Any CPU
		{57BD4ED7-58D7-44C3-B6F7-18EA0540AC66}.Release|x64.ActiveCfg = Release|Any CPU
		{57BD4ED7-58D7-44C3-B6F7-18EA0540AC66}.Release|x64.Build.0 = Release|Any CPU
		{57BD4ED7-58D7-44C3-B6F7-18EA0540AC66}.Release|x86.ActiveCfg = Release|Any CPU
		{57BD4ED7-58D7-44C3-B6F7-18EA0540AC66}.Release|x86.Build.0 = Release|Any CPU
		{1C0DC2BE-3AEA-4BED-9044-23D55D1D1503}.Debug|Any CPU.ActiveCfg = Debug|Any CPU
		{1C0DC2BE-3AEA-4BED-9044-23D55D1D1503}.Debug|Any CPU.Build.0 = Debug|Any CPU
		{1C0DC2BE-3AEA-4BED-9044-23D55D1D1503}.Debug|x64.ActiveCfg = Debug|Any CPU
		{1C0DC2BE-3AEA-4BED-9044-23D55D1D1503}.Debug|x64.Build.0 = Debug|Any CPU
		{1C0DC2BE-3AEA-4BED-9044-23D55D1D1503}.Debug|x86.ActiveCfg = Debug|Any CPU
		{1C0DC2BE-3AEA-4BED-9044-23D55D1D1503}.Debug|x86.Build.0 = Debug|Any CPU
		{1C0DC2BE-3AEA-4BED-9044-23D55D1D1503}.Release|Any CPU.ActiveCfg = Release|Any CPU
		{1C0DC2BE-3AEA-4BED-9044-23D55D1D1503}.Release|Any CPU.Build.0 = Release|Any CPU
		{1C0DC2BE-3AEA-4BED-9044-23D55D1D1503}.Release|x64.ActiveCfg = Release|Any CPU
		{1C0DC2BE-3AEA-4BED-9044-23D55D1D1503}.Release|x64.Build.0 = Release|Any CPU
		{1C0DC2BE-3AEA-4BED-9044-23D55D1D1503}.Release|x86.ActiveCfg = Release|Any CPU
		{1C0DC2BE-3AEA-4BED-9044-23D55D1D1503}.Release|x86.Build.0 = Release|Any CPU
		{299725CC-2FFF-42B6-9B9D-A0FC19E2B74E}.Debug|Any CPU.ActiveCfg = Debug|Any CPU
		{299725CC-2FFF-42B6-9B9D-A0FC19E2B74E}.Debug|Any CPU.Build.0 = Debug|Any CPU
		{299725CC-2FFF-42B6-9B9D-A0FC19E2B74E}.Debug|x64.ActiveCfg = Debug|Any CPU
		{299725CC-2FFF-42B6-9B9D-A0FC19E2B74E}.Debug|x64.Build.0 = Debug|Any CPU
		{299725CC-2FFF-42B6-9B9D-A0FC19E2B74E}.Debug|x86.ActiveCfg = Debug|Any CPU
		{299725CC-2FFF-42B6-9B9D-A0FC19E2B74E}.Debug|x86.Build.0 = Debug|Any CPU
		{299725CC-2FFF-42B6-9B9D-A0FC19E2B74E}.Release|Any CPU.ActiveCfg = Release|Any CPU
		{299725CC-2FFF-42B6-9B9D-A0FC19E2B74E}.Release|Any CPU.Build.0 = Release|Any CPU
		{299725CC-2FFF-42B6-9B9D-A0FC19E2B74E}.Release|x64.ActiveCfg = Release|Any CPU
		{299725CC-2FFF-42B6-9B9D-A0FC19E2B74E}.Release|x64.Build.0 = Release|Any CPU
		{299725CC-2FFF-42B6-9B9D-A0FC19E2B74E}.Release|x86.ActiveCfg = Release|Any CPU
		{299725CC-2FFF-42B6-9B9D-A0FC19E2B74E}.Release|x86.Build.0 = Release|Any CPU
		{669A69B7-DCCB-48B7-9470-BCE176A8494C}.Debug|Any CPU.ActiveCfg = Debug|Any CPU
		{669A69B7-DCCB-48B7-9470-BCE176A8494C}.Debug|Any CPU.Build.0 = Debug|Any CPU
		{669A69B7-DCCB-48B7-9470-BCE176A8494C}.Debug|x64.ActiveCfg = Debug|Any CPU
		{669A69B7-DCCB-48B7-9470-BCE176A8494C}.Debug|x64.Build.0 = Debug|Any CPU
		{669A69B7-DCCB-48B7-9470-BCE176A8494C}.Debug|x86.ActiveCfg = Debug|Any CPU
		{669A69B7-DCCB-48B7-9470-BCE176A8494C}.Debug|x86.Build.0 = Debug|Any CPU
		{669A69B7-DCCB-48B7-9470-BCE176A8494C}.Release|Any CPU.ActiveCfg = Release|Any CPU
		{669A69B7-DCCB-48B7-9470-BCE176A8494C}.Release|Any CPU.Build.0 = Release|Any CPU
		{669A69B7-DCCB-48B7-9470-BCE176A8494C}.Release|x64.ActiveCfg = Release|Any CPU
		{669A69B7-DCCB-48B7-9470-BCE176A8494C}.Release|x64.Build.0 = Release|Any CPU
		{669A69B7-DCCB-48B7-9470-BCE176A8494C}.Release|x86.ActiveCfg = Release|Any CPU
		{669A69B7-DCCB-48B7-9470-BCE176A8494C}.Release|x86.Build.0 = Release|Any CPU
		{FCAA68F8-3E1D-451E-BE73-79754E91B3FF}.Debug|Any CPU.ActiveCfg = Debug|Any CPU
		{FCAA68F8-3E1D-451E-BE73-79754E91B3FF}.Debug|Any CPU.Build.0 = Debug|Any CPU
		{FCAA68F8-3E1D-451E-BE73-79754E91B3FF}.Debug|x64.ActiveCfg = Debug|Any CPU
		{FCAA68F8-3E1D-451E-BE73-79754E91B3FF}.Debug|x64.Build.0 = Debug|Any CPU
		{FCAA68F8-3E1D-451E-BE73-79754E91B3FF}.Debug|x86.ActiveCfg = Debug|Any CPU
		{FCAA68F8-3E1D-451E-BE73-79754E91B3FF}.Debug|x86.Build.0 = Debug|Any CPU
		{FCAA68F8-3E1D-451E-BE73-79754E91B3FF}.Release|Any CPU.ActiveCfg = Release|Any CPU
		{FCAA68F8-3E1D-451E-BE73-79754E91B3FF}.Release|Any CPU.Build.0 = Release|Any CPU
		{FCAA68F8-3E1D-451E-BE73-79754E91B3FF}.Release|x64.ActiveCfg = Release|Any CPU
		{FCAA68F8-3E1D-451E-BE73-79754E91B3FF}.Release|x64.Build.0 = Release|Any CPU
		{FCAA68F8-3E1D-451E-BE73-79754E91B3FF}.Release|x86.ActiveCfg = Release|Any CPU
		{FCAA68F8-3E1D-451E-BE73-79754E91B3FF}.Release|x86.Build.0 = Release|Any CPU
	EndGlobalSection
	GlobalSection(SolutionProperties) = preSolution
		HideSolutionNode = FALSE
	EndGlobalSection
	GlobalSection(NestedProjects) = preSolution
		{00491AE7-EE7F-4F7C-A660-F60637B07D33} = {827E0CD3-B72D-47B6-A68D-7590B98EB39B}
		{C65BD2FA-4BE5-4DC9-96D2-D2A74A0EB329} = {827E0CD3-B72D-47B6-A68D-7590B98EB39B}
		{6628DADA-9486-401D-9E38-12F430BB51EC} = {827E0CD3-B72D-47B6-A68D-7590B98EB39B}
		{50D267F4-AF9F-4F4B-9E6D-172EFF1E90B5} = {827E0CD3-B72D-47B6-A68D-7590B98EB39B}
		{C6643E90-55A3-4E13-85E9-0201CD62CEE1} = {827E0CD3-B72D-47B6-A68D-7590B98EB39B}
		{DC6ECF4D-D5A5-425A-9BAE-3B1AC7154270} = {0AB3BF05-4346-4AA6-1389-037BE0695223}
		{1E75FDC4-6B3C-4FC9-A401-CF9F5562DACE} = {827E0CD3-B72D-47B6-A68D-7590B98EB39B}
		{B5929BC6-2156-4CEC-91F2-E3A00C8783B9} = {827E0CD3-B72D-47B6-A68D-7590B98EB39B}
		{BB99CA66-EC24-4139-A7EB-D0B0066925E9} = {827E0CD3-B72D-47B6-A68D-7590B98EB39B}
		{7DC14923-2D63-4606-B0DF-60DABB84ACB6} = {827E0CD3-B72D-47B6-A68D-7590B98EB39B}
		{9241528F-BA5A-4969-9A20-B538F8A3044D} = {0AB3BF05-4346-4AA6-1389-037BE0695223}
		{0C76E72E-AD18-4561-A3D2-34CA74C25D32} = {0AB3BF05-4346-4AA6-1389-037BE0695223}
		{BED07414-93CB-4F19-99B5-40F99A650C0A} = {827E0CD3-B72D-47B6-A68D-7590B98EB39B}
		{F646D1EC-118A-4059-A521-529439CFD6C3} = {827E0CD3-B72D-47B6-A68D-7590B98EB39B}
		{D4F5E6A7-B8C9-4D0E-9F1A-2B3C4D5E6F70} = {827E0CD3-B72D-47B6-A68D-7590B98EB39B}
		{57BD4ED7-58D7-44C3-B6F7-18EA0540AC66} = {827E0CD3-B72D-47B6-A68D-7590B98EB39B}
		{1C0DC2BE-3AEA-4BED-9044-23D55D1D1503} = {66320409-64EC-F7C5-3DEF-65E7510DAAD1}
		{299725CC-2FFF-42B6-9B9D-A0FC19E2B74E} = {827E0CD3-B72D-47B6-A68D-7590B98EB39B}
		{669A69B7-DCCB-48B7-9470-BCE176A8494C} = {827E0CD3-B72D-47B6-A68D-7590B98EB39B}
		{FCAA68F8-3E1D-451E-BE73-79754E91B3FF} = {0AB3BF05-4346-4AA6-1389-037BE0695223}
	EndGlobalSection
EndGlobal
